
Microsoft Visual Studio Solution File, Format Version 12.00
# Visual Studio Version 17
VisualStudioVersion = 17.0.31903.59
MinimumVisualStudioVersion = 10.0.40219.1
Project("{9A19103F-16F7-4668-BE54-9A1E7A4F7556}") = "Exercise3_RestApi", "Exercise3_RestApi\Exercise3_RestApi.csproj", "{1EE1DE27-9579-462F-A5DC-0D5CCBB5DB44}"
EndProject
Project("{9A19103F-16F7-4668-BE54-9A1E7A4F7556}") = "Exercise1_BackwardsCounter", "Exercise1_BackwardsCounter\Exercise1_BackwardsCounter.csproj", "{8C4DADBA-1476-4069-B850-25E30527C961}"
EndProject
Project("{9A19103F-16F7-4668-BE54-9A1E7A4F7556}") = "Exercise2_MultiThreading", "Exercise2_MultiThreading\Exercise2_MultiThreading.csproj", "{0036170C-4282-4368-BADB-EBF90AA2E8CE}"
EndProject
Project("{FAE04EC0-301F-11D3-BF4B-00C04F79EFBC}") = "Algorithms", "Algorithms\Algorithms.csproj", "{55513910-B9E7-44C3-B982-9AA55584DD67}"
EndProject
Global
	GlobalSection(SolutionConfigurationPlatforms) = preSolution
		Debug|Any CPU = Debug|Any CPU
		Release|Any CPU = Release|Any CPU
	EndGlobalSection
	GlobalSection(ProjectConfigurationPlatforms) = postSolution
		{1EE1DE27-9579-462F-A5DC-0D5CCBB5DB44}.Debug|Any CPU.ActiveCfg = Debug|Any CPU
		{1EE1DE27-9579-462F-A5DC-0D5CCBB5DB44}.Debug|Any CPU.Build.0 = Debug|Any CPU
		{1EE1DE27-9579-462F-A5DC-0D5CCBB5DB44}.Release|Any CPU.ActiveCfg = Release|Any CPU
		{1EE1DE27-9579-462F-A5DC-0D5CCBB5DB44}.Release|Any CPU.Build.0 = Release|Any CPU
		{8C4DADBA-1476-4069-B850-25E30527C961}.Debug|Any CPU.ActiveCfg = Debug|Any CPU
		{8C4DADBA-1476-4069-B850-25E30527C961}.Debug|Any CPU.Build.0 = Debug|Any CPU
		{8C4DADBA-1476-4069-B850-25E30527C961}.Release|Any CPU.ActiveCfg = Release|Any CPU
		{8C4DADBA-1476-4069-B850-25E30527C961}.Release|Any CPU.Build.0 = Release|Any CPU
		{0036170C-4282-4368-BADB-EBF90AA2E8CE}.Debug|Any CPU.ActiveCfg = Debug|Any CPU
		{0036170C-4282-4368-BADB-EBF90AA2E8CE}.Debug|Any CPU.Build.0 = Debug|Any CPU
		{0036170C-4282-4368-BADB-EBF90AA2E8CE}.Release|Any CPU.ActiveCfg = Release|Any CPU
		{0036170C-4282-4368-BADB-EBF90AA2E8CE}.Release|Any CPU.Build.0 = Release|Any CPU
		{55513910-B9E7-44C3-B982-9AA55584DD67}.Debug|Any CPU.ActiveCfg = Debug|Any CPU
		{55513910-B9E7-44C3-B982-9AA55584DD67}.Debug|Any CPU.Build.0 = Debug|Any CPU
		{55513910-B9E7-44C3-B982-9AA55584DD67}.Release|Any CPU.ActiveCfg = Release|Any CPU
		{55513910-B9E7-44C3-B982-9AA55584DD67}.Release|Any CPU.Build.0 = Release|Any CPU
	EndGlobalSection
	GlobalSection(SolutionProperties) = preSolution
		HideSolutionNode = FALSE
	EndGlobalSection
	GlobalSection(ExtensibilityGlobals) = postSolution
		SolutionGuid = {E411329A-FBD7-4CA4-95D8-10B39B05B698}
	EndGlobalSection
EndGlobal
